# This file is automatically @generated by Cargo.
# It is not intended for manual editing.
version = 4

[[package]]
name = "adler2"
version = "2.0.1"
source = "registry+https://github.com/rust-lang/crates.io-index"
checksum = "320119579fcad9c21884f5c4861d16174d0e06250625266f50fe6898340abefa"

[[package]]
name = "agb"
version = "0.22.5"
source = "registry+https://github.com/rust-lang/crates.io-index"
checksum = "ce0f35ab1143fea6ea5c18aafb1e495253f2e569d4f5f52e7cdcc93dc23a3b0e"
dependencies = [
 "agb_fixnum",
 "agb_hashmap",
 "agb_image_converter",
 "agb_macros",
 "agb_sound_converter",
 "bilge",
 "bitflags 2.9.4",
 "critical-section",
 "once_cell",
 "portable-atomic",
 "qrcodegen-no-heap",
]

[[package]]
name = "agb_fixnum"
version = "0.22.5"
source = "registry+https://github.com/rust-lang/crates.io-index"
checksum = "fcc83dcb4ae700f11d37e8243416283b9e3021fd5de2d63b2562abdc66fa01fc"
dependencies = [
 "const_soft_float",
 "num-traits",
 "quote",
]

[[package]]
name = "agb_hashmap"
version = "0.22.5"
source = "registry+https://github.com/rust-lang/crates.io-index"
checksum = "d0bdd9c9535c8faddb014db87b8b3282db035c3a94d310c3d5aebeaa853e0209"
dependencies = [
 "rustc-hash",
]

[[package]]
name = "agb_image_converter"
version = "0.22.5"
source = "registry+https://github.com/rust-lang/crates.io-index"
checksum = "a78441390d95427a704b3c4317013194339d1b009edcff2bbf5cfff64749804e"
dependencies = [
 "asefile",
 "fontdue",
 "image",
 "pagination-packing",
 "proc-macro2",
 "quote",
 "snafu",
 "syn",
]

[[package]]
name = "agb_macros"
version = "0.22.5"
source = "registry+https://github.com/rust-lang/crates.io-index"
checksum = "e1e813dcc0ec4c59122fe3b28da46136708d46d8482da523d85bf61762bc54b9"
dependencies = [
 "proc-macro2",
 "quote",
 "syn",
]

[[package]]
name = "agb_sound_converter"
version = "0.22.5"
source = "registry+https://github.com/rust-lang/crates.io-index"
checksum = "a6d01eae8b48271982ee47c6ee6b4286380b3b455068a34de221708d56dcd301"
dependencies = [
 "hound",
 "proc-macro2",
 "quote",
 "syn",
]

[[package]]
name = "agbrs-playground"
version = "0.1.0"
dependencies = [
 "agb",
]

[[package]]
name = "allocator-api2"
version = "0.2.21"
source = "registry+https://github.com/rust-lang/crates.io-index"
checksum = "683d7910e743518b0e34f1186f92494becacb047c7b6bf616c96772180fef923"

[[package]]
name = "arbitrary-int"
version = "1.3.0"
source = "registry+https://github.com/rust-lang/crates.io-index"
checksum = "825297538d77367557b912770ca3083f778a196054b3ee63b22673c4a3cae0a5"

[[package]]
name = "asefile"
version = "0.3.8"
source = "registry+https://github.com/rust-lang/crates.io-index"
checksum = "556cab74f613f2bcf3ab5dc5bbd2220fe2e1a4e7380fbaff96c5333a117066b4"
dependencies = [
 "bitflags 2.9.4",
 "byteorder",
 "flate2",
 "image",
 "log",
 "nohash",
]

[[package]]
name = "autocfg"
version = "1.5.0"
source = "registry+https://github.com/rust-lang/crates.io-index"
checksum = "c08606f8c3cbf4ce6ec8e28fb0014a2c086708fe954eaa885384a6165172e7e8"

[[package]]
name = "bilge"
version = "0.2.0"
source = "registry+https://github.com/rust-lang/crates.io-index"
checksum = "dc707ed8ebf81de5cd6c7f48f54b4c8621760926cdf35a57000747c512e67b57"
dependencies = [
 "arbitrary-int",
 "bilge-impl",
]

[[package]]
name = "bilge-impl"
version = "0.2.0"
source = "registry+https://github.com/rust-lang/crates.io-index"
checksum = "feb11e002038ad243af39c2068c8a72bcf147acf05025dcdb916fcc000adb2d8"
dependencies = [
 "itertools",
 "proc-macro-error",
 "proc-macro2",
 "quote",
 "syn",
]

[[package]]
name = "bitflags"
version = "1.3.2"
source = "registry+https://github.com/rust-lang/crates.io-index"
checksum = "bef38d45163c2f1dde094a7dfd33ccf595c92905c8f8f4fdc18d06fb1037718a"

[[package]]
name = "bitflags"
version = "2.9.4"
source = "registry+https://github.com/rust-lang/crates.io-index"
checksum = "2261d10cca569e4643e526d8dc2e62e433cc8aba21ab764233731f8d369bf394"

[[package]]
name = "bytemuck"
version = "1.23.2"
source = "registry+https://github.com/rust-lang/crates.io-index"
checksum = "3995eaeebcdf32f91f980d360f78732ddc061097ab4e39991ae7a6ace9194677"

[[package]]
name = "byteorder"
version = "1.5.0"
source = "registry+https://github.com/rust-lang/crates.io-index"
checksum = "1fd0f2584146f6f2ef48085050886acf353beff7305ebd1ae69500e27c67f64b"

[[package]]
name = "cfg-if"
version = "1.0.3"
source = "registry+https://github.com/rust-lang/crates.io-index"
checksum = "2fd1289c04a9ea8cb22300a459a72a385d7c73d3259e2ed7dcb2af674838cfa9"

[[package]]
name = "color_quant"
version = "1.1.0"
source = "registry+https://github.com/rust-lang/crates.io-index"
checksum = "3d7b894f5411737b7867f4827955924d7c254fc9f4d91a6aad6b097804b1018b"

[[package]]
name = "const_soft_float"
version = "0.1.4"
source = "registry+https://github.com/rust-lang/crates.io-index"
checksum = "87ca1caa64ef4ed453e68bb3db612e51cf1b2f5b871337f0fcab1c8f87cc3dff"

[[package]]
name = "crc32fast"
version = "1.5.0"
source = "registry+https://github.com/rust-lang/crates.io-index"
checksum = "9481c1c90cbf2ac953f07c8d4a58aa3945c425b7185c9154d67a65e4230da511"
dependencies = [
 "cfg-if",
]

[[package]]
name = "critical-section"
version = "1.2.0"
source = "registry+https://github.com/rust-lang/crates.io-index"
checksum = "790eea4361631c5e7d22598ecd5723ff611904e3344ce8720784c93e3d83d40b"

[[package]]
name = "either"
version = "1.15.0"
source = "registry+https://github.com/rust-lang/crates.io-index"
checksum = "48c757948c5ede0e46177b7add2e67155f70e33c07fea8284df6576da70b3719"

[[package]]
name = "equivalent"
version = "1.0.2"
source = "registry+https://github.com/rust-lang/crates.io-index"
checksum = "877a4ace8713b0bcf2a4e7eec82529c029f1d0619886d18145fea96c3ffe5c0f"

[[package]]
name = "fdeflate"
version = "0.3.7"
source = "registry+https://github.com/rust-lang/crates.io-index"
checksum = "1e6853b52649d4ac5c0bd02320cddc5ba956bdb407c4b75a2c6b75bf51500f8c"
dependencies = [
 "simd-adler32",
]

[[package]]
name = "flate2"
version = "1.1.2"
source = "registry+https://github.com/rust-lang/crates.io-index"
checksum = "4a3d7db9596fecd151c5f638c0ee5d5bd487b6e0ea232e5dc96d5250f6f94b1d"
dependencies = [
 "crc32fast",
 "miniz_oxide",
]

[[package]]
name = "foldhash"
version = "0.1.5"
source = "registry+https://github.com/rust-lang/crates.io-index"
checksum = "d9c4f5dac5e15c24eb999c26181a6ca40b39fe946cbe4c263c7209467bc83af2"

[[package]]
name = "fontdue"
version = "0.9.3"
source = "registry+https://github.com/rust-lang/crates.io-index"
checksum = "2e57e16b3fe8ff4364c0661fdaac543fb38b29ea9bc9c2f45612d90adf931d2b"
dependencies = [
 "hashbrown",
 "ttf-parser",
]

[[package]]
name = "hashbrown"
version = "0.15.5"
source = "registry+https://github.com/rust-lang/crates.io-index"
checksum = "9229cfe53dfd69f0609a49f65461bd93001ea1ef889cd5529dd176593f5338a1"
dependencies = [
 "allocator-api2",
 "equivalent",
 "foldhash",
]

[[package]]
name = "heck"
version = "0.5.0"
source = "registry+https://github.com/rust-lang/crates.io-index"
checksum = "2304e00983f87ffb38b55b444b5e3b60a884b5d30c0fca7d82fe33449bbe55ea"

[[package]]
name = "hound"
version = "3.5.1"
source = "registry+https://github.com/rust-lang/crates.io-index"
checksum = "62adaabb884c94955b19907d60019f4e145d091c75345379e70d1ee696f7854f"

[[package]]
name = "image"
version = "0.24.9"
source = "registry+https://github.com/rust-lang/crates.io-index"
checksum = "5690139d2f55868e080017335e4b94cb7414274c74f1669c84fb5feba2c9f69d"
dependencies = [
 "bytemuck",
 "byteorder",
 "color_quant",
 "num-traits",
 "png",
]

[[package]]
name = "itertools"
version = "0.11.0"
source = "registry+https://github.com/rust-lang/crates.io-index"
checksum = "b1c173a5686ce8bfa551b3563d0c2170bf24ca44da99c7ca4bfdab5418c3fe57"
dependencies = [
 "either",
]

[[package]]
name = "log"
version = "0.4.28"
source = "registry+https://github.com/rust-lang/crates.io-index"
checksum = "34080505efa8e45a4b816c349525ebe327ceaa8559756f0356cba97ef3bf7432"

[[package]]
name = "miniz_oxide"
version = "0.8.9"
source = "registry+https://github.com/rust-lang/crates.io-index"
checksum = "1fa76a2c86f704bdb222d66965fb3d63269ce38518b83cb0575fca855ebb6316"
dependencies = [
 "adler2",
 "simd-adler32",
]

[[package]]
name = "nohash"
version = "0.2.0"
source = "registry+https://github.com/rust-lang/crates.io-index"
checksum = "a0f889fb66f7acdf83442c35775764b51fed3c606ab9cee51500dbde2cf528ca"

[[package]]
name = "num-traits"
version = "0.2.19"
source = "registry+https://github.com/rust-lang/crates.io-index"
checksum = "071dfc062690e90b734c0b2273ce72ad0ffa95f0c74596bc250dcfd960262841"
dependencies = [
 "autocfg",
]

[[package]]
name = "once_cell"
version = "1.21.3"
source = "registry+https://github.com/rust-lang/crates.io-index"
checksum = "42f5e15c9953c5e4ccceeb2e7382a716482c34515315f7b03532b8b4e8393d2d"
dependencies = [
 "critical-section",
 "portable-atomic",
]

[[package]]
name = "pagination-packing"
version = "2.1.3"
source = "registry+https://github.com/rust-lang/crates.io-index"
checksum = "fee2531e9fa461274702c7fca3ad82af33297de093c323ec36bbc2fb2091953b"

[[package]]
name = "png"
version = "0.17.16"
source = "registry+https://github.com/rust-lang/crates.io-index"
checksum = "82151a2fc869e011c153adc57cf2789ccb8d9906ce52c0b39a6b5697749d7526"
dependencies = [
 "bitflags 1.3.2",
 "crc32fast",
 "fdeflate",
 "flate2",
 "miniz_oxide",
]

[[package]]
name = "portable-atomic"
version = "1.11.1"
source = "registry+https://github.com/rust-lang/crates.io-index"
checksum = "f84267b20a16ea918e43c6a88433c2d54fa145c92a811b5b047ccbe153674483"

[[package]]
name = "proc-macro-error"
version = "1.0.4"
source = "registry+https://github.com/rust-lang/crates.io-index"
checksum = "da25490ff9892aab3fcf7c36f08cfb902dd3e71ca0f9f9517bea02a73a5ce38c"
dependencies = [
 "proc-macro-error-attr",
 "proc-macro2",
 "quote",
 "version_check",
]

[[package]]
name = "proc-macro-error-attr"
version = "1.0.4"
source = "registry+https://github.com/rust-lang/crates.io-index"
checksum = "a1be40180e52ecc98ad80b184934baf3d0d29f979574e439af5a55274b35f869"
dependencies = [
 "proc-macro2",
 "quote",
 "version_check",
]

[[package]]
name = "proc-macro2"
version = "1.0.101"
source = "registry+https://github.com/rust-lang/crates.io-index"
checksum = "89ae43fd86e4158d6db51ad8e2b80f313af9cc74f5c0e03ccb87de09998732de"
dependencies = [
 "unicode-ident",
]

[[package]]
name = "qrcodegen-no-heap"
version = "1.8.1"
source = "registry+https://github.com/rust-lang/crates.io-index"
checksum = "d0e2c0bf8be8a1c4a4f48973dabf26943f05da2bfc2d3180aae62409dbba6f0c"

[[package]]
name = "quote"
version = "1.0.40"
source = "registry+https://github.com/rust-lang/crates.io-index"
checksum = "1885c039570dc00dcb4ff087a89e185fd56bae234ddc7f056a945bf36467248d"
dependencies = [
 "proc-macro2",
]

[[package]]
name = "rustc-hash"
version = "1.1.0"
source = "registry+https://github.com/rust-lang/crates.io-index"
checksum = "08d43f7aa6b08d49f382cde6a7982047c3426db949b1424bc4b7ec9ae12c6ce2"

[[package]]
name = "simd-adler32"
version = "0.3.7"
source = "registry+https://github.com/rust-lang/crates.io-index"
checksum = "d66dc143e6b11c1eddc06d5c423cfc97062865baf299914ab64caa38182078fe"

[[package]]
name = "snafu"
version = "0.8.9"
source = "registry+https://github.com/rust-lang/crates.io-index"
checksum = "6e84b3f4eacbf3a1ce05eac6763b4d629d60cbc94d632e4092c54ade71f1e1a2"
dependencies = [
 "snafu-derive",
]

[[package]]
name = "snafu-derive"
version = "0.8.9"
source = "registry+https://github.com/rust-lang/crates.io-index"
checksum = "c1c97747dbf44bb1ca44a561ece23508e99cb592e862f22222dcf42f51d1e451"
dependencies = [
 "heck",
 "proc-macro2",
 "quote",
 "syn",
]

[[package]]
name = "syn"
version = "2.0.106"
source = "registry+https://github.com/rust-lang/crates.io-index"
checksum = "ede7c438028d4436d71104916910f5bb611972c5cfd7f89b8300a8186e6fada6"
dependencies = [
 "proc-macro2",
 "quote",
 "unicode-ident",
]

[[package]]
name = "ttf-parser"
version = "0.21.1"
source = "registry+https://github.com/rust-lang/crates.io-index"
checksum = "2c591d83f69777866b9126b24c6dd9a18351f177e49d625920d19f989fd31cf8"

[[package]]
name = "unicode-ident"
version = "1.0.19"
source = "registry+https://github.com/rust-lang/crates.io-index"
checksum = "f63a545481291138910575129486daeaf8ac54aee4387fe7906919f7830c7d9d"

[[package]]
name = "version_check"
version = "0.9.5"
source = "registry+https://github.com/rust-lang/crates.io-index"
checksum = "0b928f33d975fc6ad9f86c8f283853ad26bdd5b10b7f1542aa2fa15e2289105a"
